
Microsoft Visual Studio Solution File, Format Version 12.00
# Visual Studio Version 17
VisualStudioVersion = 17.11.35327.3
MinimumVisualStudioVersion = 10.0.40219.1
Project("{FAE04EC0-301F-11D3-BF4B-00C04F79EFBC}") = "Ejercicio 3 (Interfaz Grafica)", "Ejercicio 3 (Interfaz Grafica).csproj", "{3A95A35D-8526-47FB-8109-6EB62E786704}"
EndProject
Global
	GlobalSection(SolutionConfigurationPlatforms) = preSolution
		Debug|Any CPU = Debug|Any CPU
		Release|Any CPU = Release|Any CPU
	EndGlobalSection
	GlobalSection(ProjectConfigurationPlatforms) = postSolution
		{3A95A35D-8526-47FB-8109-6EB62E786704}.Debug|Any CPU.ActiveCfg = Release|Any CPU
		{3A95A35D-8526-47FB-8109-6EB62E786704}.Debug|Any CPU.Build.0 = Release|Any CPU
		{3A95A35D-8526-47FB-8109-6EB62E786704}.Release|Any CPU.ActiveCfg = Release|Any CPU
		{3A95A35D-8526-47FB-8109-6EB62E786704}.Release|Any CPU.Build.0 = Release|Any CPU
	EndGlobalSection
	GlobalSection(SolutionProperties) = preSolution
		HideSolutionNode = FALSE
	EndGlobalSection
	GlobalSection(ExtensibilityGlobals) = postSolution
		SolutionGuid = {475015D9-0812-4E20-8E17-6CF7D2F5FDD0}
	EndGlobalSection
EndGlobal
