
Microsoft Visual Studio Solution File, Format Version 12.00
# Visual Studio Version 17
VisualStudioVersion = 17.11.35327.3
MinimumVisualStudioVersion = 10.0.40219.1
Project("{FAE04EC0-301F-11D3-BF4B-00C04F79EFBC}") = "Ej Interfaz1", "Ej Interfaz1\Ej Interfaz1.csproj", "{D6DFD4C4-44D4-4AE5-A235-A6AAFAE6C3B5}"
EndProject
Global
	GlobalSection(SolutionConfigurationPlatforms) = preSolution
		Debug|Any CPU = Debug|Any CPU
		Release|Any CPU = Release|Any CPU
	EndGlobalSection
	GlobalSection(ProjectConfigurationPlatforms) = postSolution
		{D6DFD4C4-44D4-4AE5-A235-A6AAFAE6C3B5}.Debug|Any CPU.ActiveCfg = Debug|Any CPU
		{D6DFD4C4-44D4-4AE5-A235-A6AAFAE6C3B5}.Debug|Any CPU.Build.0 = Debug|Any CPU
		{D6DFD4C4-44D4-4AE5-A235-A6AAFAE6C3B5}.Release|Any CPU.ActiveCfg = Release|Any CPU
		{D6DFD4C4-44D4-4AE5-A235-A6AAFAE6C3B5}.Release|Any CPU.Build.0 = Release|Any CPU
	EndGlobalSection
	GlobalSection(SolutionProperties) = preSolution
		HideSolutionNode = FALSE
	EndGlobalSection
	GlobalSection(ExtensibilityGlobals) = postSolution
		SolutionGuid = {771FFB22-F0A8-4E08-A862-4F14E6E4F3D0}
	EndGlobalSection
EndGlobal
