
Microsoft Visual Studio Solution File, Format Version 12.00
# Visual Studio Version 17
VisualStudioVersion = 17.11.35219.272
MinimumVisualStudioVersion = 10.0.40219.1
Project("{FAE04EC0-301F-11D3-BF4B-00C04F79EFBC}") = "Ejercicio-Franc", "Ejercicio-Franc\Ejercicio-Franc.csproj", "{48210791-1F1A-41BF-9AD9-3C3D43CE4600}"
EndProject
Global
	GlobalSection(SolutionConfigurationPlatforms) = preSolution
		Debug|Any CPU = Debug|Any CPU
		Release|Any CPU = Release|Any CPU
	EndGlobalSection
	GlobalSection(ProjectConfigurationPlatforms) = postSolution
		{48210791-1F1A-41BF-9AD9-3C3D43CE4600}.Debug|Any CPU.ActiveCfg = Debug|Any CPU
		{48210791-1F1A-41BF-9AD9-3C3D43CE4600}.Debug|Any CPU.Build.0 = Debug|Any CPU
		{48210791-1F1A-41BF-9AD9-3C3D43CE4600}.Release|Any CPU.ActiveCfg = Release|Any CPU
		{48210791-1F1A-41BF-9AD9-3C3D43CE4600}.Release|Any CPU.Build.0 = Release|Any CPU
	EndGlobalSection
	GlobalSection(SolutionProperties) = preSolution
		HideSolutionNode = FALSE
	EndGlobalSection
	GlobalSection(ExtensibilityGlobals) = postSolution
		SolutionGuid = {ED279C8C-B4D0-4DA8-8D0C-C7FD14698475}
	EndGlobalSection
EndGlobal
