
Microsoft Visual Studio Solution File, Format Version 12.00
# Visual Studio Version 17
VisualStudioVersion = 17.11.35327.3
MinimumVisualStudioVersion = 10.0.40219.1
Project("{FAE04EC0-301F-11D3-BF4B-00C04F79EFBC}") = "Herencia1", "Herencia1\Herencia1.csproj", "{D2AA63AD-253A-4C24-B762-AC53E129E730}"
EndProject
Global
	GlobalSection(SolutionConfigurationPlatforms) = preSolution
		Debug|Any CPU = Debug|Any CPU
		Release|Any CPU = Release|Any CPU
	EndGlobalSection
	GlobalSection(ProjectConfigurationPlatforms) = postSolution
		{D2AA63AD-253A-4C24-B762-AC53E129E730}.Debug|Any CPU.ActiveCfg = Debug|Any CPU
		{D2AA63AD-253A-4C24-B762-AC53E129E730}.Debug|Any CPU.Build.0 = Debug|Any CPU
		{D2AA63AD-253A-4C24-B762-AC53E129E730}.Release|Any CPU.ActiveCfg = Release|Any CPU
		{D2AA63AD-253A-4C24-B762-AC53E129E730}.Release|Any CPU.Build.0 = Release|Any CPU
	EndGlobalSection
	GlobalSection(SolutionProperties) = preSolution
		HideSolutionNode = FALSE
	EndGlobalSection
	GlobalSection(ExtensibilityGlobals) = postSolution
		SolutionGuid = {89B112DB-58E4-4CB4-9692-B195E43AE425}
	EndGlobalSection
EndGlobal
