
Microsoft Visual Studio Solution File, Format Version 12.00
# Visual Studio Version 17
VisualStudioVersion = 17.11.35327.3
MinimumVisualStudioVersion = 10.0.40219.1
Project("{FAE04EC0-301F-11D3-BF4B-00C04F79EFBC}") = "Profe John", "Profe John.csproj", "{BC6B5A30-9A52-467B-BAB8-949CE42DEA0D}"
EndProject
Global
	GlobalSection(SolutionConfigurationPlatforms) = preSolution
		Debug|Any CPU = Debug|Any CPU
		Release|Any CPU = Release|Any CPU
	EndGlobalSection
	GlobalSection(ProjectConfigurationPlatforms) = postSolution
		{BC6B5A30-9A52-467B-BAB8-949CE42DEA0D}.Debug|Any CPU.ActiveCfg = Debug|Any CPU
		{BC6B5A30-9A52-467B-BAB8-949CE42DEA0D}.Debug|Any CPU.Build.0 = Debug|Any CPU
		{BC6B5A30-9A52-467B-BAB8-949CE42DEA0D}.Release|Any CPU.ActiveCfg = Release|Any CPU
		{BC6B5A30-9A52-467B-BAB8-949CE42DEA0D}.Release|Any CPU.Build.0 = Release|Any CPU
	EndGlobalSection
	GlobalSection(SolutionProperties) = preSolution
		HideSolutionNode = FALSE
	EndGlobalSection
	GlobalSection(ExtensibilityGlobals) = postSolution
		SolutionGuid = {2C2FEA96-F420-4ADB-B644-BBAAB561BF69}
	EndGlobalSection
EndGlobal
