
Microsoft Visual Studio Solution File, Format Version 12.00
# Visual Studio Version 17
VisualStudioVersion = 17.11.35219.272
MinimumVisualStudioVersion = 10.0.40219.1
Project("{FAE04EC0-301F-11D3-BF4B-00C04F79EFBC}") = "EjerFranV2", "EjerFranV2\EjerFranV2.csproj", "{F3570C80-0EFD-4E24-88DA-20A318CD9941}"
EndProject
Global
	GlobalSection(SolutionConfigurationPlatforms) = preSolution
		Debug|Any CPU = Debug|Any CPU
		Release|Any CPU = Release|Any CPU
	EndGlobalSection
	GlobalSection(ProjectConfigurationPlatforms) = postSolution
		{F3570C80-0EFD-4E24-88DA-20A318CD9941}.Debug|Any CPU.ActiveCfg = Debug|Any CPU
		{F3570C80-0EFD-4E24-88DA-20A318CD9941}.Debug|Any CPU.Build.0 = Debug|Any CPU
		{F3570C80-0EFD-4E24-88DA-20A318CD9941}.Release|Any CPU.ActiveCfg = Release|Any CPU
		{F3570C80-0EFD-4E24-88DA-20A318CD9941}.Release|Any CPU.Build.0 = Release|Any CPU
	EndGlobalSection
	GlobalSection(SolutionProperties) = preSolution
		HideSolutionNode = FALSE
	EndGlobalSection
	GlobalSection(ExtensibilityGlobals) = postSolution
		SolutionGuid = {DC717372-85B3-4986-8BE6-8427AFF77452}
	EndGlobalSection
EndGlobal
