
Microsoft Visual Studio Solution File, Format Version 12.00
# Visual Studio Version 17
VisualStudioVersion = 17.11.35327.3
MinimumVisualStudioVersion = 10.0.40219.1
Project("{FAE04EC0-301F-11D3-BF4B-00C04F79EFBC}") = "PruebaArrays1", "PruebaArrays1.csproj", "{115AE5BA-1099-4AFC-969F-446A9964DF9D}"
EndProject
Global
	GlobalSection(SolutionConfigurationPlatforms) = preSolution
		Debug|Any CPU = Debug|Any CPU
		Release|Any CPU = Release|Any CPU
	EndGlobalSection
	GlobalSection(ProjectConfigurationPlatforms) = postSolution
		{115AE5BA-1099-4AFC-969F-446A9964DF9D}.Debug|Any CPU.ActiveCfg = Debug|Any CPU
		{115AE5BA-1099-4AFC-969F-446A9964DF9D}.Debug|Any CPU.Build.0 = Debug|Any CPU
		{115AE5BA-1099-4AFC-969F-446A9964DF9D}.Release|Any CPU.ActiveCfg = Release|Any CPU
		{115AE5BA-1099-4AFC-969F-446A9964DF9D}.Release|Any CPU.Build.0 = Release|Any CPU
	EndGlobalSection
	GlobalSection(SolutionProperties) = preSolution
		HideSolutionNode = FALSE
	EndGlobalSection
	GlobalSection(ExtensibilityGlobals) = postSolution
		SolutionGuid = {6468A44C-5A34-43E9-ABFD-AA58FCAD7324}
	EndGlobalSection
EndGlobal
