
Microsoft Visual Studio Solution File, Format Version 12.00
# Visual Studio Version 17
VisualStudioVersion = 17.11.35327.3
MinimumVisualStudioVersion = 10.0.40219.1
Project("{FAE04EC0-301F-11D3-BF4B-00C04F79EFBC}") = "Ejercicio 5 (Interfaz Grafica)", "Ejercicio 5 (Interfaz Grafica).csproj", "{6DC309FE-9429-40D8-A893-3B2017798889}"
EndProject
Global
	GlobalSection(SolutionConfigurationPlatforms) = preSolution
		Debug|Any CPU = Debug|Any CPU
		Release|Any CPU = Release|Any CPU
	EndGlobalSection
	GlobalSection(ProjectConfigurationPlatforms) = postSolution
		{6DC309FE-9429-40D8-A893-3B2017798889}.Debug|Any CPU.ActiveCfg = Debug|Any CPU
		{6DC309FE-9429-40D8-A893-3B2017798889}.Debug|Any CPU.Build.0 = Debug|Any CPU
		{6DC309FE-9429-40D8-A893-3B2017798889}.Release|Any CPU.ActiveCfg = Release|Any CPU
		{6DC309FE-9429-40D8-A893-3B2017798889}.Release|Any CPU.Build.0 = Release|Any CPU
	EndGlobalSection
	GlobalSection(SolutionProperties) = preSolution
		HideSolutionNode = FALSE
	EndGlobalSection
	GlobalSection(ExtensibilityGlobals) = postSolution
		SolutionGuid = {0461063F-3C2C-4F39-9167-C1B15C01D7FD}
	EndGlobalSection
EndGlobal
