
Microsoft Visual Studio Solution File, Format Version 12.00
# Visual Studio Version 17
VisualStudioVersion = 17.11.35327.3
MinimumVisualStudioVersion = 10.0.40219.1
Project("{FAE04EC0-301F-11D3-BF4B-00C04F79EFBC}") = "Perlita2", "Perlita2.csproj", "{6F364373-434F-4F0B-BA4C-0DDCDA488A2C}"
EndProject
Global
	GlobalSection(SolutionConfigurationPlatforms) = preSolution
		Debug|Any CPU = Debug|Any CPU
		Release|Any CPU = Release|Any CPU
	EndGlobalSection
	GlobalSection(ProjectConfigurationPlatforms) = postSolution
		{6F364373-434F-4F0B-BA4C-0DDCDA488A2C}.Debug|Any CPU.ActiveCfg = Debug|Any CPU
		{6F364373-434F-4F0B-BA4C-0DDCDA488A2C}.Debug|Any CPU.Build.0 = Debug|Any CPU
		{6F364373-434F-4F0B-BA4C-0DDCDA488A2C}.Release|Any CPU.ActiveCfg = Release|Any CPU
		{6F364373-434F-4F0B-BA4C-0DDCDA488A2C}.Release|Any CPU.Build.0 = Release|Any CPU
	EndGlobalSection
	GlobalSection(SolutionProperties) = preSolution
		HideSolutionNode = FALSE
	EndGlobalSection
	GlobalSection(ExtensibilityGlobals) = postSolution
		SolutionGuid = {C75A653B-71A2-4EA8-A48C-6040BE9339B6}
	EndGlobalSection
EndGlobal
