
Microsoft Visual Studio Solution File, Format Version 12.00
# Visual Studio Version 17
VisualStudioVersion = 17.11.35327.3
MinimumVisualStudioVersion = 10.0.40219.1
Project("{FAE04EC0-301F-11D3-BF4B-00C04F79EFBC}") = "Getter1", "Getter1.csproj", "{49D69B33-AC02-43F8-8AF4-284040F89D96}"
EndProject
Global
	GlobalSection(SolutionConfigurationPlatforms) = preSolution
		Debug|Any CPU = Debug|Any CPU
		Release|Any CPU = Release|Any CPU
	EndGlobalSection
	GlobalSection(ProjectConfigurationPlatforms) = postSolution
		{49D69B33-AC02-43F8-8AF4-284040F89D96}.Debug|Any CPU.ActiveCfg = Debug|Any CPU
		{49D69B33-AC02-43F8-8AF4-284040F89D96}.Debug|Any CPU.Build.0 = Debug|Any CPU
		{49D69B33-AC02-43F8-8AF4-284040F89D96}.Release|Any CPU.ActiveCfg = Release|Any CPU
		{49D69B33-AC02-43F8-8AF4-284040F89D96}.Release|Any CPU.Build.0 = Release|Any CPU
	EndGlobalSection
	GlobalSection(SolutionProperties) = preSolution
		HideSolutionNode = FALSE
	EndGlobalSection
	GlobalSection(ExtensibilityGlobals) = postSolution
		SolutionGuid = {B921D4AB-57B1-44CB-927E-74F8BDE355BF}
	EndGlobalSection
EndGlobal
