
Microsoft Visual Studio Solution File, Format Version 12.00
# Visual Studio Version 17
VisualStudioVersion = 17.11.35327.3
MinimumVisualStudioVersion = 10.0.40219.1
Project("{FAE04EC0-301F-11D3-BF4B-00C04F79EFBC}") = "Ej Interfaz2", "Ej Interfaz2\Ej Interfaz2.csproj", "{D3ED33F3-8693-4550-BB38-0B8146B3C488}"
EndProject
Global
	GlobalSection(SolutionConfigurationPlatforms) = preSolution
		Debug|Any CPU = Debug|Any CPU
		Release|Any CPU = Release|Any CPU
	EndGlobalSection
	GlobalSection(ProjectConfigurationPlatforms) = postSolution
		{D3ED33F3-8693-4550-BB38-0B8146B3C488}.Debug|Any CPU.ActiveCfg = Debug|Any CPU
		{D3ED33F3-8693-4550-BB38-0B8146B3C488}.Debug|Any CPU.Build.0 = Debug|Any CPU
		{D3ED33F3-8693-4550-BB38-0B8146B3C488}.Release|Any CPU.ActiveCfg = Release|Any CPU
		{D3ED33F3-8693-4550-BB38-0B8146B3C488}.Release|Any CPU.Build.0 = Release|Any CPU
	EndGlobalSection
	GlobalSection(SolutionProperties) = preSolution
		HideSolutionNode = FALSE
	EndGlobalSection
	GlobalSection(ExtensibilityGlobals) = postSolution
		SolutionGuid = {E668F645-C3ED-421D-A4B5-71A6C3055FF7}
	EndGlobalSection
EndGlobal
