
Microsoft Visual Studio Solution File, Format Version 12.00
# Visual Studio Version 17
VisualStudioVersion = 17.11.35327.3
MinimumVisualStudioVersion = 10.0.40219.1
Project("{FAE04EC0-301F-11D3-BF4B-00C04F79EFBC}") = "Interfaces & Herencia", "Interfaces & Herencia\Interfaces & Herencia.csproj", "{6CF61591-C916-497E-8AF3-5321EB3DEBC0}"
EndProject
Global
	GlobalSection(SolutionConfigurationPlatforms) = preSolution
		Debug|Any CPU = Debug|Any CPU
		Release|Any CPU = Release|Any CPU
	EndGlobalSection
	GlobalSection(ProjectConfigurationPlatforms) = postSolution
		{6CF61591-C916-497E-8AF3-5321EB3DEBC0}.Debug|Any CPU.ActiveCfg = Debug|Any CPU
		{6CF61591-C916-497E-8AF3-5321EB3DEBC0}.Debug|Any CPU.Build.0 = Debug|Any CPU
		{6CF61591-C916-497E-8AF3-5321EB3DEBC0}.Release|Any CPU.ActiveCfg = Release|Any CPU
		{6CF61591-C916-497E-8AF3-5321EB3DEBC0}.Release|Any CPU.Build.0 = Release|Any CPU
	EndGlobalSection
	GlobalSection(SolutionProperties) = preSolution
		HideSolutionNode = FALSE
	EndGlobalSection
	GlobalSection(ExtensibilityGlobals) = postSolution
		SolutionGuid = {70DA67FB-A1B3-4EE5-9E78-E9FB847A4AA3}
	EndGlobalSection
EndGlobal
